
Microsoft Visual Studio Solution File, Format Version 12.00
# Visual Studio Version 16
VisualStudioVersion = 16.0.29521.150
MinimumVisualStudioVersion = 10.0.40219.1
Project("{FAE04EC0-301F-11D3-BF4B-00C04F79EFBC}") = "WindWakerHD_Rewrite", "WindWakerHD_Rewrite\WindWakerHD_Rewrite.csproj", "{F9B64A7A-21D2-4256-9043-28E525221DC5}"
EndProject
Global
	GlobalSection(SolutionConfigurationPlatforms) = preSolution
		Debug|Any CPU = Debug|Any CPU
		Release|Any CPU = Release|Any CPU
	EndGlobalSection
	GlobalSection(ProjectConfigurationPlatforms) = postSolution
		{F9B64A7A-21D2-4256-9043-28E525221DC5}.Debug|Any CPU.ActiveCfg = Release|Any CPU
		{F9B64A7A-21D2-4256-9043-28E525221DC5}.Debug|Any CPU.Build.0 = Release|Any CPU
		{F9B64A7A-21D2-4256-9043-28E525221DC5}.Release|Any CPU.ActiveCfg = Release|Any CPU
		{F9B64A7A-21D2-4256-9043-28E525221DC5}.Release|Any CPU.Build.0 = Release|Any CPU
	EndGlobalSection
	GlobalSection(SolutionProperties) = preSolution
		HideSolutionNode = FALSE
	EndGlobalSection
	GlobalSection(ExtensibilityGlobals) = postSolution
		SolutionGuid = {093E0894-5473-4B9D-8264-CBCE7CFB4DAE}
	EndGlobalSection
EndGlobal
